
Microsoft Visual Studio Solution File, Format Version 12.00
# Visual Studio Version 17
VisualStudioVersion = 17.6.33801.468
MinimumVisualStudioVersion = 10.0.40219.1
Project("{FAE04EC0-301F-11D3-BF4B-00C04F79EFBC}") = "CrudOperationInNetCore", "CrudOperationInNetCore\CrudOperationInNetCore.csproj", "{4CB85B6A-AB31-4B12-A7FB-6DA700AEA3EF}"
EndProject
Project("{FAE04EC0-301F-11D3-BF4B-00C04F79EFBC}") = "WebApp", "..\WebApp\WebApp.csproj", "{3B5407D3-55CB-410C-906D-30EB97017EAD}"
EndProject
Global
	GlobalSection(SolutionConfigurationPlatforms) = preSolution
		Debug|Any CPU = Debug|Any CPU
		Release|Any CPU = Release|Any CPU
	EndGlobalSection
	GlobalSection(ProjectConfigurationPlatforms) = postSolution
		{4CB85B6A-AB31-4B12-A7FB-6DA700AEA3EF}.Debug|Any CPU.ActiveCfg = Debug|Any CPU
		{4CB85B6A-AB31-4B12-A7FB-6DA700AEA3EF}.Debug|Any CPU.Build.0 = Debug|Any CPU
		{4CB85B6A-AB31-4B12-A7FB-6DA700AEA3EF}.Release|Any CPU.ActiveCfg = Release|Any CPU
		{4CB85B6A-AB31-4B12-A7FB-6DA700AEA3EF}.Release|Any CPU.Build.0 = Release|Any CPU
		{3B5407D3-55CB-410C-906D-30EB97017EAD}.Debug|Any CPU.ActiveCfg = Debug|Any CPU
		{3B5407D3-55CB-410C-906D-30EB97017EAD}.Debug|Any CPU.Build.0 = Debug|Any CPU
		{3B5407D3-55CB-410C-906D-30EB97017EAD}.Release|Any CPU.ActiveCfg = Release|Any CPU
		{3B5407D3-55CB-410C-906D-30EB97017EAD}.Release|Any CPU.Build.0 = Release|Any CPU
	EndGlobalSection
	GlobalSection(SolutionProperties) = preSolution
		HideSolutionNode = FALSE
	EndGlobalSection
	GlobalSection(ExtensibilityGlobals) = postSolution
		SolutionGuid = {C4449804-ABCC-4593-A13F-5FA4D83247B1}
	EndGlobalSection
EndGlobal
